
Microsoft Visual Studio Solution File, Format Version 12.00
# Visual Studio 15
VisualStudioVersion = 15.0.27703.2026
MinimumVisualStudioVersion = 10.0.40219.1
Project("{FAE04EC0-301F-11D3-BF4B-00C04F79EFBC}") = "DvdScreenSaver", "DvdScreenSaver\DvdScreenSaver.csproj", "{52D3CBE3-37BA-4ADB-A1EF-5480C8CEA646}"
EndProject
Global
	GlobalSection(SolutionConfigurationPlatforms) = preSolution
		Debug|Any CPU = Debug|Any CPU
		Release|Any CPU = Release|Any CPU
	EndGlobalSection
	GlobalSection(ProjectConfigurationPlatforms) = postSolution
		{52D3CBE3-37BA-4ADB-A1EF-5480C8CEA646}.Debug|Any CPU.ActiveCfg = Debug|Any CPU
		{52D3CBE3-37BA-4ADB-A1EF-5480C8CEA646}.Debug|Any CPU.Build.0 = Debug|Any CPU
		{52D3CBE3-37BA-4ADB-A1EF-5480C8CEA646}.Release|Any CPU.ActiveCfg = Debug|Any CPU
		{52D3CBE3-37BA-4ADB-A1EF-5480C8CEA646}.Release|Any CPU.Build.0 = Debug|Any CPU
	EndGlobalSection
	GlobalSection(SolutionProperties) = preSolution
		HideSolutionNode = FALSE
	EndGlobalSection
	GlobalSection(ExtensibilityGlobals) = postSolution
		SolutionGuid = {DB4B8900-64A3-4D07-AD4F-8CB3D66384CB}
	EndGlobalSection
EndGlobal
